
Microsoft Visual Studio Solution File, Format Version 12.00
# Visual Studio Version 17
VisualStudioVersion = 17.0.31903.59
MinimumVisualStudioVersion = 10.0.40219.1
Project("{2150E333-8FDC-42A3-9474-1A3956D46DE8}") = "backend", "backend", "{1AE8ACA6-933B-BF2A-3671-3E2EAC007D16}"
EndProject
Project("{FAE04EC0-301F-11D3-BF4B-00C04F79EFBC}") = "KokkunLMS.API", "backend\KokkunLMS.API\KokkunLMS.API.csproj", "{DB4CDA94-BBC1-44F2-B11B-271A0916C883}"
EndProject
Project("{FAE04EC0-301F-11D3-BF4B-00C04F79EFBC}") = "KokkunLMS.Application", "backend\KokkunLMS.Application\KokkunLMS.Application.csproj", "{5433A477-2183-49A7-9B49-46DA9AA42946}"
EndProject
Project("{FAE04EC0-301F-11D3-BF4B-00C04F79EFBC}") = "KokkunLMS.Domain", "backend\KokkunLMS.Domain\KokkunLMS.Domain.csproj", "{C4950172-84C4-4F4A-93CD-AB4E82B8717C}"
EndProject
Project("{FAE04EC0-301F-11D3-BF4B-00C04F79EFBC}") = "KokkunLMS.Infrastructure", "backend\KokkunLMS.Infrastructure\KokkunLMS.Infrastructure.csproj", "{194F44A1-96BD-42D8-BF47-B69846EAB3D4}"
EndProject
Project("{FAE04EC0-301F-11D3-BF4B-00C04F79EFBC}") = "KokkunLMS.Shared", "backend\KokkunLMS.Shared\KokkunLMS.Shared.csproj", "{4F79B9E3-4D88-4EC4-95E4-FF15E1B11497}"
EndProject
Project("{2150E333-8FDC-42A3-9474-1A3956D46DE8}") = "frontend-web", "frontend-web", "{405DC0E1-17F3-4C68-468D-E5BBBBE3E9B1}"
EndProject
Project("{FAE04EC0-301F-11D3-BF4B-00C04F79EFBC}") = "KokkunLms.Web", "frontend-web\KokkunLms.Web\KokkunLms.Web.csproj", "{2366BA44-250F-45E9-8A19-728F5FF63675}"
EndProject
Project("{FAE04EC0-301F-11D3-BF4B-00C04F79EFBC}") = "KokkunLms.Web.Tests", "frontend-web\KokkunLms.Web.Tests\KokkunLms.Web.Tests.csproj", "{6B5FA798-6133-48B0-9436-EEB2A983EF4C}"
EndProject
Global
	GlobalSection(SolutionConfigurationPlatforms) = preSolution
		Debug|Any CPU = Debug|Any CPU
		Debug|x64 = Debug|x64
		Debug|x86 = Debug|x86
		Release|Any CPU = Release|Any CPU
		Release|x64 = Release|x64
		Release|x86 = Release|x86
	EndGlobalSection
	GlobalSection(ProjectConfigurationPlatforms) = postSolution
		{DB4CDA94-BBC1-44F2-B11B-271A0916C883}.Debug|Any CPU.ActiveCfg = Debug|Any CPU
		{DB4CDA94-BBC1-44F2-B11B-271A0916C883}.Debug|Any CPU.Build.0 = Debug|Any CPU
		{DB4CDA94-BBC1-44F2-B11B-271A0916C883}.Debug|x64.ActiveCfg = Debug|Any CPU
		{DB4CDA94-BBC1-44F2-B11B-271A0916C883}.Debug|x64.Build.0 = Debug|Any CPU
		{DB4CDA94-BBC1-44F2-B11B-271A0916C883}.Debug|x86.ActiveCfg = Debug|Any CPU
		{DB4CDA94-BBC1-44F2-B11B-271A0916C883}.Debug|x86.Build.0 = Debug|Any CPU
		{DB4CDA94-BBC1-44F2-B11B-271A0916C883}.Release|Any CPU.ActiveCfg = Release|Any CPU
		{DB4CDA94-BBC1-44F2-B11B-271A0916C883}.Release|Any CPU.Build.0 = Release|Any CPU
		{DB4CDA94-BBC1-44F2-B11B-271A0916C883}.Release|x64.ActiveCfg = Release|Any CPU
		{DB4CDA94-BBC1-44F2-B11B-271A0916C883}.Release|x64.Build.0 = Release|Any CPU
		{DB4CDA94-BBC1-44F2-B11B-271A0916C883}.Release|x86.ActiveCfg = Release|Any CPU
		{DB4CDA94-BBC1-44F2-B11B-271A0916C883}.Release|x86.Build.0 = Release|Any CPU
		{5433A477-2183-49A7-9B49-46DA9AA42946}.Debug|Any CPU.ActiveCfg = Debug|Any CPU
		{5433A477-2183-49A7-9B49-46DA9AA42946}.Debug|Any CPU.Build.0 = Debug|Any CPU
		{5433A477-2183-49A7-9B49-46DA9AA42946}.Debug|x64.ActiveCfg = Debug|Any CPU
		{5433A477-2183-49A7-9B49-46DA9AA42946}.Debug|x64.Build.0 = Debug|Any CPU
		{5433A477-2183-49A7-9B49-46DA9AA42946}.Debug|x86.ActiveCfg = Debug|Any CPU
		{5433A477-2183-49A7-9B49-46DA9AA42946}.Debug|x86.Build.0 = Debug|Any CPU
		{5433A477-2183-49A7-9B49-46DA9AA42946}.Release|Any CPU.ActiveCfg = Release|Any CPU
		{5433A477-2183-49A7-9B49-46DA9AA42946}.Release|Any CPU.Build.0 = Release|Any CPU
		{5433A477-2183-49A7-9B49-46DA9AA42946}.Release|x64.ActiveCfg = Release|Any CPU
		{5433A477-2183-49A7-9B49-46DA9AA42946}.Release|x64.Build.0 = Release|Any CPU
		{5433A477-2183-49A7-9B49-46DA9AA42946}.Release|x86.ActiveCfg = Release|Any CPU
		{5433A477-2183-49A7-9B49-46DA9AA42946}.Release|x86.Build.0 = Release|Any CPU
		{C4950172-84C4-4F4A-93CD-AB4E82B8717C}.Debug|Any CPU.ActiveCfg = Debug|Any CPU
		{C4950172-84C4-4F4A-93CD-AB4E82B8717C}.Debug|Any CPU.Build.0 = Debug|Any CPU
		{C4950172-84C4-4F4A-93CD-AB4E82B8717C}.Debug|x64.ActiveCfg = Debug|Any CPU
		{C4950172-84C4-4F4A-93CD-AB4E82B8717C}.Debug|x64.Build.0 = Debug|Any CPU
		{C4950172-84C4-4F4A-93CD-AB4E82B8717C}.Debug|x86.ActiveCfg = Debug|Any CPU
		{C4950172-84C4-4F4A-93CD-AB4E82B8717C}.Debug|x86.Build.0 = Debug|Any CPU
		{C4950172-84C4-4F4A-93CD-AB4E82B8717C}.Release|Any CPU.ActiveCfg = Release|Any CPU
		{C4950172-84C4-4F4A-93CD-AB4E82B8717C}.Release|Any CPU.Build.0 = Release|Any CPU
		{C4950172-84C4-4F4A-93CD-AB4E82B8717C}.Release|x64.ActiveCfg = Release|Any CPU
		{C4950172-84C4-4F4A-93CD-AB4E82B8717C}.Release|x64.Build.0 = Release|Any CPU
		{C4950172-84C4-4F4A-93CD-AB4E82B8717C}.Release|x86.ActiveCfg = Release|Any CPU
		{C4950172-84C4-4F4A-93CD-AB4E82B8717C}.Release|x86.Build.0 = Release|Any CPU
		{194F44A1-96BD-42D8-BF47-B69846EAB3D4}.Debug|Any CPU.ActiveCfg = Debug|Any CPU
		{194F44A1-96BD-42D8-BF47-B69846EAB3D4}.Debug|Any CPU.Build.0 = Debug|Any CPU
		{194F44A1-96BD-42D8-BF47-B69846EAB3D4}.Debug|x64.ActiveCfg = Debug|Any CPU
		{194F44A1-96BD-42D8-BF47-B69846EAB3D4}.Debug|x64.Build.0 = Debug|Any CPU
		{194F44A1-96BD-42D8-BF47-B69846EAB3D4}.Debug|x86.ActiveCfg = Debug|Any CPU
		{194F44A1-96BD-42D8-BF47-B69846EAB3D4}.Debug|x86.Build.0 = Debug|Any CPU
		{194F44A1-96BD-42D8-BF47-B69846EAB3D4}.Release|Any CPU.ActiveCfg = Release|Any CPU
		{194F44A1-96BD-42D8-BF47-B69846EAB3D4}.Release|Any CPU.Build.0 = Release|Any CPU
		{194F44A1-96BD-42D8-BF47-B69846EAB3D4}.Release|x64.ActiveCfg = Release|Any CPU
		{194F44A1-96BD-42D8-BF47-B69846EAB3D4}.Release|x64.Build.0 = Release|Any CPU
		{194F44A1-96BD-42D8-BF47-B69846EAB3D4}.Release|x86.ActiveCfg = Release|Any CPU
		{194F44A1-96BD-42D8-BF47-B69846EAB3D4}.Release|x86.Build.0 = Release|Any CPU
		{4F79B9E3-4D88-4EC4-95E4-FF15E1B11497}.Debug|Any CPU.ActiveCfg = Debug|Any CPU
		{4F79B9E3-4D88-4EC4-95E4-FF15E1B11497}.Debug|Any CPU.Build.0 = Debug|Any CPU
		{4F79B9E3-4D88-4EC4-95E4-FF15E1B11497}.Debug|x64.ActiveCfg = Debug|Any CPU
		{4F79B9E3-4D88-4EC4-95E4-FF15E1B11497}.Debug|x64.Build.0 = Debug|Any CPU
		{4F79B9E3-4D88-4EC4-95E4-FF15E1B11497}.Debug|x86.ActiveCfg = Debug|Any CPU
		{4F79B9E3-4D88-4EC4-95E4-FF15E1B11497}.Debug|x86.Build.0 = Debug|Any CPU
		{4F79B9E3-4D88-4EC4-95E4-FF15E1B11497}.Release|Any CPU.ActiveCfg = Release|Any CPU
		{4F79B9E3-4D88-4EC4-95E4-FF15E1B11497}.Release|Any CPU.Build.0 = Release|Any CPU
		{4F79B9E3-4D88-4EC4-95E4-FF15E1B11497}.Release|x64.ActiveCfg = Release|Any CPU
		{4F79B9E3-4D88-4EC4-95E4-FF15E1B11497}.Release|x64.Build.0 = Release|Any CPU
		{4F79B9E3-4D88-4EC4-95E4-FF15E1B11497}.Release|x86.ActiveCfg = Release|Any CPU
		{4F79B9E3-4D88-4EC4-95E4-FF15E1B11497}.Release|x86.Build.0 = Release|Any CPU
		{2366BA44-250F-45E9-8A19-728F5FF63675}.Debug|Any CPU.ActiveCfg = Debug|Any CPU
		{2366BA44-250F-45E9-8A19-728F5FF63675}.Debug|Any CPU.Build.0 = Debug|Any CPU
		{2366BA44-250F-45E9-8A19-728F5FF63675}.Debug|x64.ActiveCfg = Debug|Any CPU
		{2366BA44-250F-45E9-8A19-728F5FF63675}.Debug|x64.Build.0 = Debug|Any CPU
		{2366BA44-250F-45E9-8A19-728F5FF63675}.Debug|x86.ActiveCfg = Debug|Any CPU
		{2366BA44-250F-45E9-8A19-728F5FF63675}.Debug|x86.Build.0 = Debug|Any CPU
		{2366BA44-250F-45E9-8A19-728F5FF63675}.Release|Any CPU.ActiveCfg = Release|Any CPU
		{2366BA44-250F-45E9-8A19-728F5FF63675}.Release|Any CPU.Build.0 = Release|Any CPU
		{2366BA44-250F-45E9-8A19-728F5FF63675}.Release|x64.ActiveCfg = Release|Any CPU
		{2366BA44-250F-45E9-8A19-728F5FF63675}.Release|x64.Build.0 = Release|Any CPU
		{2366BA44-250F-45E9-8A19-728F5FF63675}.Release|x86.ActiveCfg = Release|Any CPU
		{2366BA44-250F-45E9-8A19-728F5FF63675}.Release|x86.Build.0 = Release|Any CPU
		{6B5FA798-6133-48B0-9436-EEB2A983EF4C}.Debug|Any CPU.ActiveCfg = Debug|Any CPU
		{6B5FA798-6133-48B0-9436-EEB2A983EF4C}.Debug|Any CPU.Build.0 = Debug|Any CPU
		{6B5FA798-6133-48B0-9436-EEB2A983EF4C}.Debug|x64.ActiveCfg = Debug|Any CPU
		{6B5FA798-6133-48B0-9436-EEB2A983EF4C}.Debug|x64.Build.0 = Debug|Any CPU
		{6B5FA798-6133-48B0-9436-EEB2A983EF4C}.Debug|x86.ActiveCfg = Debug|Any CPU
		{6B5FA798-6133-48B0-9436-EEB2A983EF4C}.Debug|x86.Build.0 = Debug|Any CPU
		{6B5FA798-6133-48B0-9436-EEB2A983EF4C}.Release|Any CPU.ActiveCfg = Release|Any CPU
		{6B5FA798-6133-48B0-9436-EEB2A983EF4C}.Release|Any CPU.Build.0 = Release|Any CPU
		{6B5FA798-6133-48B0-9436-EEB2A983EF4C}.Release|x64.ActiveCfg = Release|Any CPU
		{6B5FA798-6133-48B0-9436-EEB2A983EF4C}.Release|x64.Build.0 = Release|Any CPU
		{6B5FA798-6133-48B0-9436-EEB2A983EF4C}.Release|x86.ActiveCfg = Release|Any CPU
		{6B5FA798-6133-48B0-9436-EEB2A983EF4C}.Release|x86.Build.0 = Release|Any CPU
	EndGlobalSection
	GlobalSection(SolutionProperties) = preSolution
		HideSolutionNode = FALSE
	EndGlobalSection
	GlobalSection(NestedProjects) = preSolution
		{DB4CDA94-BBC1-44F2-B11B-271A0916C883} = {1AE8ACA6-933B-BF2A-3671-3E2EAC007D16}
		{5433A477-2183-49A7-9B49-46DA9AA42946} = {1AE8ACA6-933B-BF2A-3671-3E2EAC007D16}
		{C4950172-84C4-4F4A-93CD-AB4E82B8717C} = {1AE8ACA6-933B-BF2A-3671-3E2EAC007D16}
		{194F44A1-96BD-42D8-BF47-B69846EAB3D4} = {1AE8ACA6-933B-BF2A-3671-3E2EAC007D16}
		{4F79B9E3-4D88-4EC4-95E4-FF15E1B11497} = {1AE8ACA6-933B-BF2A-3671-3E2EAC007D16}
		{2366BA44-250F-45E9-8A19-728F5FF63675} = {405DC0E1-17F3-4C68-468D-E5BBBBE3E9B1}
		{6B5FA798-6133-48B0-9436-EEB2A983EF4C} = {405DC0E1-17F3-4C68-468D-E5BBBBE3E9B1}
	EndGlobalSection
EndGlobal
